
Microsoft Visual Studio Solution File, Format Version 12.00
# Visual Studio Version 17
VisualStudioVersion = 17.6.33723.286
MinimumVisualStudioVersion = 10.0.40219.1
Project("{FAE04EC0-301F-11D3-BF4B-00C04F79EFBC}") = "Ecom.BFF", "Ecom.BFF\Ecom.BFF.csproj", "{4B20A1CB-D3D1-4A76-9D1C-9EF17BF77D2F}"
EndProject
Project("{9A19103F-16F7-4668-BE54-9A1E7A4F7556}") = "Ecom.SPA", "Ecom.SPA\Ecom.SPA.csproj", "{699CA430-C47D-4A14-BE96-6B1D9F56488E}"
EndProject
Project("{FAE04EC0-301F-11D3-BF4B-00C04F79EFBC}") = "Ecom.Core", "Ecom.Core\Ecom.Core.csproj", "{E54C2E28-1B56-4AF0-B07C-4A016F4C5215}"
EndProject
Project("{FAE04EC0-301F-11D3-BF4B-00C04F79EFBC}") = "Ecom.Repository", "Ecom.Repository\Ecom.Repository.csproj", "{08892779-30C8-4CBF-BA95-CBCAEEF9E2AE}"
EndProject
Project("{FAE04EC0-301F-11D3-BF4B-00C04F79EFBC}") = "Ecom.Repository.Impl", "Ecom.Repository.Impl\Ecom.Repository.Impl.csproj", "{5675B74A-1138-4F8D-A9C2-2C4E54F95C12}"
EndProject
Project("{FAE04EC0-301F-11D3-BF4B-00C04F79EFBC}") = "Ecom.Services", "Ecom.Services\Ecom.Services.csproj", "{5CF66E6B-AB08-4247-BE82-00D8D5FCC9A6}"
EndProject
Project("{FAE04EC0-301F-11D3-BF4B-00C04F79EFBC}") = "Ecom.Services.Impl", "Ecom.Services.Impl\Ecom.Services.Impl.csproj", "{7B2697CE-24E8-4D77-9B05-20EC31CE5459}"
EndProject
Project("{2150E333-8FDC-42A3-9474-1A3956D46DE8}") = "WEB", "WEB", "{A1A92F63-82DB-42C5-959C-042BF789FA7E}"
EndProject
Project("{2150E333-8FDC-42A3-9474-1A3956D46DE8}") = "APP", "APP", "{196438F1-1D04-40DC-8EDC-F179F024D907}"
EndProject
Project("{FAE04EC0-301F-11D3-BF4B-00C04F79EFBC}") = "Ecom.EntityFramework", "Ecom.EntityFramework\Ecom.EntityFramework.csproj", "{96DC86E8-4E71-4B55-BCD3-B5F8CD50441C}"
EndProject
Global
	GlobalSection(SolutionConfigurationPlatforms) = preSolution
		Debug|Any CPU = Debug|Any CPU
		Release|Any CPU = Release|Any CPU
	EndGlobalSection
	GlobalSection(ProjectConfigurationPlatforms) = postSolution
		{4B20A1CB-D3D1-4A76-9D1C-9EF17BF77D2F}.Debug|Any CPU.ActiveCfg = Debug|Any CPU
		{4B20A1CB-D3D1-4A76-9D1C-9EF17BF77D2F}.Debug|Any CPU.Build.0 = Debug|Any CPU
		{4B20A1CB-D3D1-4A76-9D1C-9EF17BF77D2F}.Release|Any CPU.ActiveCfg = Release|Any CPU
		{4B20A1CB-D3D1-4A76-9D1C-9EF17BF77D2F}.Release|Any CPU.Build.0 = Release|Any CPU
		{699CA430-C47D-4A14-BE96-6B1D9F56488E}.Debug|Any CPU.ActiveCfg = Debug|Any CPU
		{699CA430-C47D-4A14-BE96-6B1D9F56488E}.Debug|Any CPU.Build.0 = Debug|Any CPU
		{699CA430-C47D-4A14-BE96-6B1D9F56488E}.Release|Any CPU.ActiveCfg = Release|Any CPU
		{699CA430-C47D-4A14-BE96-6B1D9F56488E}.Release|Any CPU.Build.0 = Release|Any CPU
		{E54C2E28-1B56-4AF0-B07C-4A016F4C5215}.Debug|Any CPU.ActiveCfg = Debug|Any CPU
		{E54C2E28-1B56-4AF0-B07C-4A016F4C5215}.Debug|Any CPU.Build.0 = Debug|Any CPU
		{E54C2E28-1B56-4AF0-B07C-4A016F4C5215}.Release|Any CPU.ActiveCfg = Release|Any CPU
		{E54C2E28-1B56-4AF0-B07C-4A016F4C5215}.Release|Any CPU.Build.0 = Release|Any CPU
		{08892779-30C8-4CBF-BA95-CBCAEEF9E2AE}.Debug|Any CPU.ActiveCfg = Debug|Any CPU
		{08892779-30C8-4CBF-BA95-CBCAEEF9E2AE}.Debug|Any CPU.Build.0 = Debug|Any CPU
		{08892779-30C8-4CBF-BA95-CBCAEEF9E2AE}.Release|Any CPU.ActiveCfg = Release|Any CPU
		{08892779-30C8-4CBF-BA95-CBCAEEF9E2AE}.Release|Any CPU.Build.0 = Release|Any CPU
		{5675B74A-1138-4F8D-A9C2-2C4E54F95C12}.Debug|Any CPU.ActiveCfg = Debug|Any CPU
		{5675B74A-1138-4F8D-A9C2-2C4E54F95C12}.Debug|Any CPU.Build.0 = Debug|Any CPU
		{5675B74A-1138-4F8D-A9C2-2C4E54F95C12}.Release|Any CPU.ActiveCfg = Release|Any CPU
		{5675B74A-1138-4F8D-A9C2-2C4E54F95C12}.Release|Any CPU.Build.0 = Release|Any CPU
		{5CF66E6B-AB08-4247-BE82-00D8D5FCC9A6}.Debug|Any CPU.ActiveCfg = Debug|Any CPU
		{5CF66E6B-AB08-4247-BE82-00D8D5FCC9A6}.Debug|Any CPU.Build.0 = Debug|Any CPU
		{5CF66E6B-AB08-4247-BE82-00D8D5FCC9A6}.Release|Any CPU.ActiveCfg = Release|Any CPU
		{5CF66E6B-AB08-4247-BE82-00D8D5FCC9A6}.Release|Any CPU.Build.0 = Release|Any CPU
		{7B2697CE-24E8-4D77-9B05-20EC31CE5459}.Debug|Any CPU.ActiveCfg = Debug|Any CPU
		{7B2697CE-24E8-4D77-9B05-20EC31CE5459}.Debug|Any CPU.Build.0 = Debug|Any CPU
		{7B2697CE-24E8-4D77-9B05-20EC31CE5459}.Release|Any CPU.ActiveCfg = Release|Any CPU
		{7B2697CE-24E8-4D77-9B05-20EC31CE5459}.Release|Any CPU.Build.0 = Release|Any CPU
		{96DC86E8-4E71-4B55-BCD3-B5F8CD50441C}.Debug|Any CPU.ActiveCfg = Debug|Any CPU
		{96DC86E8-4E71-4B55-BCD3-B5F8CD50441C}.Debug|Any CPU.Build.0 = Debug|Any CPU
		{96DC86E8-4E71-4B55-BCD3-B5F8CD50441C}.Release|Any CPU.ActiveCfg = Release|Any CPU
		{96DC86E8-4E71-4B55-BCD3-B5F8CD50441C}.Release|Any CPU.Build.0 = Release|Any CPU
	EndGlobalSection
	GlobalSection(SolutionProperties) = preSolution
		HideSolutionNode = FALSE
	EndGlobalSection
	GlobalSection(NestedProjects) = preSolution
		{4B20A1CB-D3D1-4A76-9D1C-9EF17BF77D2F} = {A1A92F63-82DB-42C5-959C-042BF789FA7E}
		{699CA430-C47D-4A14-BE96-6B1D9F56488E} = {A1A92F63-82DB-42C5-959C-042BF789FA7E}
		{E54C2E28-1B56-4AF0-B07C-4A016F4C5215} = {196438F1-1D04-40DC-8EDC-F179F024D907}
		{08892779-30C8-4CBF-BA95-CBCAEEF9E2AE} = {196438F1-1D04-40DC-8EDC-F179F024D907}
		{5675B74A-1138-4F8D-A9C2-2C4E54F95C12} = {196438F1-1D04-40DC-8EDC-F179F024D907}
		{5CF66E6B-AB08-4247-BE82-00D8D5FCC9A6} = {196438F1-1D04-40DC-8EDC-F179F024D907}
		{7B2697CE-24E8-4D77-9B05-20EC31CE5459} = {196438F1-1D04-40DC-8EDC-F179F024D907}
		{96DC86E8-4E71-4B55-BCD3-B5F8CD50441C} = {196438F1-1D04-40DC-8EDC-F179F024D907}
	EndGlobalSection
	GlobalSection(ExtensibilityGlobals) = postSolution
		SolutionGuid = {11BADF48-53CD-4DCC-A556-E4320EF1EB38}
	EndGlobalSection
EndGlobal
