
Microsoft Visual Studio Solution File, Format Version 12.00
# Visual Studio Version 17
VisualStudioVersion = 17.6.33723.286
MinimumVisualStudioVersion = 10.0.40219.1
Project("{FAE04EC0-301F-11D3-BF4B-00C04F79EFBC}") = "Ecom.BFF", "Ecom.BFF\Ecom.BFF.csproj", "{4B20A1CB-D3D1-4A76-9D1C-9EF17BF77D2F}"
EndProject
Project("{FAE04EC0-301F-11D3-BF4B-00C04F79EFBC}") = "Ecom.SPA", "Ecom.SPA\Ecom.SPA.csproj", "{699CA430-C47D-4A14-BE96-6B1D9F56488E}"
EndProject
Global
	GlobalSection(SolutionConfigurationPlatforms) = preSolution
		Debug|Any CPU = Debug|Any CPU
		Release|Any CPU = Release|Any CPU
	EndGlobalSection
	GlobalSection(ProjectConfigurationPlatforms) = postSolution
		{4B20A1CB-D3D1-4A76-9D1C-9EF17BF77D2F}.Debug|Any CPU.ActiveCfg = Debug|Any CPU
		{4B20A1CB-D3D1-4A76-9D1C-9EF17BF77D2F}.Debug|Any CPU.Build.0 = Debug|Any CPU
		{4B20A1CB-D3D1-4A76-9D1C-9EF17BF77D2F}.Release|Any CPU.ActiveCfg = Release|Any CPU
		{4B20A1CB-D3D1-4A76-9D1C-9EF17BF77D2F}.Release|Any CPU.Build.0 = Release|Any CPU
		{699CA430-C47D-4A14-BE96-6B1D9F56488E}.Debug|Any CPU.ActiveCfg = Debug|Any CPU
		{699CA430-C47D-4A14-BE96-6B1D9F56488E}.Debug|Any CPU.Build.0 = Debug|Any CPU
		{699CA430-C47D-4A14-BE96-6B1D9F56488E}.Release|Any CPU.ActiveCfg = Release|Any CPU
		{699CA430-C47D-4A14-BE96-6B1D9F56488E}.Release|Any CPU.Build.0 = Release|Any CPU
	EndGlobalSection
	GlobalSection(SolutionProperties) = preSolution
		HideSolutionNode = FALSE
	EndGlobalSection
	GlobalSection(ExtensibilityGlobals) = postSolution
		SolutionGuid = {11BADF48-53CD-4DCC-A556-E4320EF1EB38}
	EndGlobalSection
EndGlobal
